// !$*UTF8*$!
{
	archiveVersion = 1;
	classes = {
	};
	objectVersion = 56;
	objects = {

/* Begin PBXBuildFile section */
		134595832BB72753004E3EF3 /* TabKind.swift in Sources */ = {isa = PBXBuildFile; fileRef = 134595822BB72753004E3EF3 /* TabKind.swift */; };
		134595852BB72CB1004E3EF3 /* CustomTabBar.swift in Sources */ = {isa = PBXBuildFile; fileRef = 134595842BB72CB1004E3EF3 /* CustomTabBar.swift */; };
		134595882BB72E14004E3EF3 /* Route.swift in Sources */ = {isa = PBXBuildFile; fileRef = 134595872BB72E14004E3EF3 /* Route.swift */; };
		1345958A2BB72E39004E3EF3 /* AppCoordinator.swift in Sources */ = {isa = PBXBuildFile; fileRef = 134595892BB72E39004E3EF3 /* AppCoordinator.swift */; };
		1345958F2BB735D8004E3EF3 /* HomeView.swift in Sources */ = {isa = PBXBuildFile; fileRef = 1345958E2BB735D8004E3EF3 /* HomeView.swift */; };
		134595912BB735E3004E3EF3 /* UpsertEventView.swift in Sources */ = {isa = PBXBuildFile; fileRef = 134595902BB735E3004E3EF3 /* UpsertEventView.swift */; };
		134595932BB73600004E3EF3 /* SettingsView.swift in Sources */ = {isa = PBXBuildFile; fileRef = 134595922BB73600004E3EF3 /* SettingsView.swift */; };
		134595972BB73E0E004E3EF3 /* UpsertEventViewModel.swift in Sources */ = {isa = PBXBuildFile; fileRef = 134595962BB73E0E004E3EF3 /* UpsertEventViewModel.swift */; };
		134595B12BBBFC8F004E3EF3 /* AeonikPro-Bold.otf in Resources */ = {isa = PBXBuildFile; fileRef = 134595B02BBBFC8F004E3EF3 /* AeonikPro-Bold.otf */; };
		134595B32BBBFC94004E3EF3 /* AeonikPro-Medium.otf in Resources */ = {isa = PBXBuildFile; fileRef = 134595B22BBBFC94004E3EF3 /* AeonikPro-Medium.otf */; };
		134595B52BBBFC9D004E3EF3 /* AeonikPro-Regular.otf in Resources */ = {isa = PBXBuildFile; fileRef = 134595B42BBBFC9D004E3EF3 /* AeonikPro-Regular.otf */; };
		136CC8182BB5C4E800C46EC3 /* Images.xcassets in Resources */ = {isa = PBXBuildFile; fileRef = 136CC8172BB5C4E800C46EC3 /* Images.xcassets */; };
		136CC81B2BB5C4E800C46EC3 /* Preview Assets.xcassets in Resources */ = {isa = PBXBuildFile; fileRef = 136CC81A2BB5C4E800C46EC3 /* Preview Assets.xcassets */; };
		136CC8252BB5C66200C46EC3 /* MainView.swift in Sources */ = {isa = PBXBuildFile; fileRef = 136CC8242BB5C66200C46EC3 /* MainView.swift */; };
		136CC8462BB5C75D00C46EC3 /* Localizable.strings in Resources */ = {isa = PBXBuildFile; fileRef = 136CC8382BB5C75C00C46EC3 /* Localizable.strings */; };
		136CC8492BB5C75D00C46EC3 /* Fonts.swift in Sources */ = {isa = PBXBuildFile; fileRef = 136CC83D2BB5C75D00C46EC3 /* Fonts.swift */; };
		136CC84B2BB5C75D00C46EC3 /* Strings.swift in Sources */ = {isa = PBXBuildFile; fileRef = 136CC83F2BB5C75D00C46EC3 /* Strings.swift */; };
		136CC84E2BB5C78000C46EC3 /* Colors.xcassets in Resources */ = {isa = PBXBuildFile; fileRef = 136CC84D2BB5C78000C46EC3 /* Colors.xcassets */; };
		136CC85A2BB5CB3C00C46EC3 /* View+readSafeArea.swift in Sources */ = {isa = PBXBuildFile; fileRef = 136CC8582BB5CB3C00C46EC3 /* View+readSafeArea.swift */; };
		136CC85B2BB5CB3C00C46EC3 /* View+readSize.swift in Sources */ = {isa = PBXBuildFile; fileRef = 136CC8592BB5CB3C00C46EC3 /* View+readSize.swift */; };
		136CC85E2BB5CB4400C46EC3 /* ScaleButtonStyle.swift in Sources */ = {isa = PBXBuildFile; fileRef = 136CC85C2BB5CB4400C46EC3 /* ScaleButtonStyle.swift */; };
		136CC8612BB5CB7A00C46EC3 /* Font+Extensions.swift in Sources */ = {isa = PBXBuildFile; fileRef = 136CC85F2BB5CB7A00C46EC3 /* Font+Extensions.swift */; };
		13819DF42C21A5D5008D04E5 /* AppDelegate.swift in Sources */ = {isa = PBXBuildFile; fileRef = 13819DF32C21A5D5008D04E5 /* AppDelegate.swift */; };
		13819DF72C21A602008D04E5 /* LaunchView.swift in Sources */ = {isa = PBXBuildFile; fileRef = 13819DF52C21A602008D04E5 /* LaunchView.swift */; };
		13819DF92C21A748008D04E5 /* AnyTransition+Extension.swift in Sources */ = {isa = PBXBuildFile; fileRef = 13819DF82C21A748008D04E5 /* AnyTransition+Extension.swift */; };
		13819E022C21DBE7008D04E5 /* RepeatType.swift in Sources */ = {isa = PBXBuildFile; fileRef = 13819E012C21DBE7008D04E5 /* RepeatType.swift */; };
		13819E042C21DBF2008D04E5 /* ReminderType.swift in Sources */ = {isa = PBXBuildFile; fileRef = 13819E032C21DBF2008D04E5 /* ReminderType.swift */; };
		13819E062C21DC0B008D04E5 /* Event.swift in Sources */ = {isa = PBXBuildFile; fileRef = 13819E052C21DC0B008D04E5 /* Event.swift */; };
		13819E102C21DD3E008D04E5 /* EntityInteractable.swift in Sources */ = {isa = PBXBuildFile; fileRef = 13819E0C2C21DD3E008D04E5 /* EntityInteractable.swift */; };
		13819E112C21DD3E008D04E5 /* CoreDataManager.swift in Sources */ = {isa = PBXBuildFile; fileRef = 13819E0D2C21DD3E008D04E5 /* CoreDataManager.swift */; };
		13819E122C21DD3E008D04E5 /* DatabaseManager.swift in Sources */ = {isa = PBXBuildFile; fileRef = 13819E0E2C21DD3E008D04E5 /* DatabaseManager.swift */; };
		13819E132C21DD3E008D04E5 /* DefaultDatabaseManager.swift in Sources */ = {isa = PBXBuildFile; fileRef = 13819E0F2C21DD3E008D04E5 /* DefaultDatabaseManager.swift */; };
		13819E152C21DDD1008D04E5 /* Logger+Extensions.swift in Sources */ = {isa = PBXBuildFile; fileRef = 13819E142C21DDD1008D04E5 /* Logger+Extensions.swift */; };
		13819E172C21DDE0008D04E5 /* CrashManager.swift in Sources */ = {isa = PBXBuildFile; fileRef = 13819E162C21DDE0008D04E5 /* CrashManager.swift */; };
		13819E1A2C21E27E008D04E5 /* FirebaseAnalytics in Frameworks */ = {isa = PBXBuildFile; productRef = 13819E192C21E27E008D04E5 /* FirebaseAnalytics */; };
		13819E1C2C21E27E008D04E5 /* FirebaseCrashlytics in Frameworks */ = {isa = PBXBuildFile; productRef = 13819E1B2C21E27E008D04E5 /* FirebaseCrashlytics */; };
		13819E1F2C21E659008D04E5 /* Event+EntityInteractable.swift in Sources */ = {isa = PBXBuildFile; fileRef = 13819E1E2C21E659008D04E5 /* Event+EntityInteractable.swift */; };
		418BA44A2D0880C400E6DBDA /* HelixPay.xcdatamodeld in Sources */ = {isa = PBXBuildFile; fileRef = 418BA4482D0880C400E6DBDA /* HelixPay.xcdatamodeld */; };
		418BA44C2D08831400E6DBDA /* HomeHeader.swift in Sources */ = {isa = PBXBuildFile; fileRef = 418BA44B2D08831400E6DBDA /* HomeHeader.swift */; };
		41E8AC452D087A9000187F8C /* HelixPayApp.swift in Sources */ = {isa = PBXBuildFile; fileRef = 41E8AC442D087A9000187F8C /* HelixPayApp.swift */; };
		41F4E1932D09509A0015969A /* OnBoardingView.swift in Sources */ = {isa = PBXBuildFile; fileRef = 41F4E1922D0950960015969A /* OnBoardingView.swift */; };
/* End PBXBuildFile section */

/* Begin PBXFileReference section */
		134595822BB72753004E3EF3 /* TabKind.swift */ = {isa = PBXFileReference; fileEncoding = 4; lastKnownFileType = sourcecode.swift; path = TabKind.swift; sourceTree = "<group>"; };
		134595842BB72CB1004E3EF3 /* CustomTabBar.swift */ = {isa = PBXFileReference; fileEncoding = 4; lastKnownFileType = sourcecode.swift; path = CustomTabBar.swift; sourceTree = "<group>"; };
		134595872BB72E14004E3EF3 /* Route.swift */ = {isa = PBXFileReference; lastKnownFileType = sourcecode.swift; path = Route.swift; sourceTree = "<group>"; };
		134595892BB72E39004E3EF3 /* AppCoordinator.swift */ = {isa = PBXFileReference; lastKnownFileType = sourcecode.swift; path = AppCoordinator.swift; sourceTree = "<group>"; };
		1345958E2BB735D8004E3EF3 /* HomeView.swift */ = {isa = PBXFileReference; lastKnownFileType = sourcecode.swift; path = HomeView.swift; sourceTree = "<group>"; };
		134595902BB735E3004E3EF3 /* UpsertEventView.swift */ = {isa = PBXFileReference; lastKnownFileType = sourcecode.swift; path = UpsertEventView.swift; sourceTree = "<group>"; };
		134595922BB73600004E3EF3 /* SettingsView.swift */ = {isa = PBXFileReference; lastKnownFileType = sourcecode.swift; path = SettingsView.swift; sourceTree = "<group>"; };
		134595962BB73E0E004E3EF3 /* UpsertEventViewModel.swift */ = {isa = PBXFileReference; lastKnownFileType = sourcecode.swift; path = UpsertEventViewModel.swift; sourceTree = "<group>"; };
		134595B02BBBFC8F004E3EF3 /* AeonikPro-Bold.otf */ = {isa = PBXFileReference; lastKnownFileType = file; path = "AeonikPro-Bold.otf"; sourceTree = "<group>"; };
		134595B22BBBFC94004E3EF3 /* AeonikPro-Medium.otf */ = {isa = PBXFileReference; lastKnownFileType = file; path = "AeonikPro-Medium.otf"; sourceTree = "<group>"; };
		134595B42BBBFC9D004E3EF3 /* AeonikPro-Regular.otf */ = {isa = PBXFileReference; lastKnownFileType = file; path = "AeonikPro-Regular.otf"; sourceTree = "<group>"; };
		136CC80E2BB5C4E600C46EC3 /* HelixPay.app */ = {isa = PBXFileReference; explicitFileType = wrapper.application; includeInIndex = 0; path = HelixPay.app; sourceTree = BUILT_PRODUCTS_DIR; };
		136CC8172BB5C4E800C46EC3 /* Images.xcassets */ = {isa = PBXFileReference; lastKnownFileType = folder.assetcatalog; path = Images.xcassets; sourceTree = "<group>"; };
		136CC81A2BB5C4E800C46EC3 /* Preview Assets.xcassets */ = {isa = PBXFileReference; lastKnownFileType = folder.assetcatalog; path = "Preview Assets.xcassets"; sourceTree = "<group>"; };
		136CC8242BB5C66200C46EC3 /* MainView.swift */ = {isa = PBXFileReference; lastKnownFileType = sourcecode.swift; path = MainView.swift; sourceTree = "<group>"; };
		136CC8302BB5C75C00C46EC3 /* swiftgen */ = {isa = PBXFileReference; lastKnownFileType = "compiled.mach-o.executable"; path = swiftgen; sourceTree = "<group>"; };
		136CC8372BB5C75C00C46EC3 /* en */ = {isa = PBXFileReference; lastKnownFileType = text.plist.strings; name = en; path = en.lproj/Localizable.strings; sourceTree = "<group>"; };
		136CC83D2BB5C75D00C46EC3 /* Fonts.swift */ = {isa = PBXFileReference; fileEncoding = 4; lastKnownFileType = sourcecode.swift; path = Fonts.swift; sourceTree = "<group>"; };
		136CC83F2BB5C75D00C46EC3 /* Strings.swift */ = {isa = PBXFileReference; fileEncoding = 4; lastKnownFileType = sourcecode.swift; path = Strings.swift; sourceTree = "<group>"; };
		136CC84D2BB5C78000C46EC3 /* Colors.xcassets */ = {isa = PBXFileReference; lastKnownFileType = folder.assetcatalog; path = Colors.xcassets; sourceTree = "<group>"; };
		136CC8582BB5CB3C00C46EC3 /* View+readSafeArea.swift */ = {isa = PBXFileReference; fileEncoding = 4; lastKnownFileType = sourcecode.swift; path = "View+readSafeArea.swift"; sourceTree = "<group>"; };
		136CC8592BB5CB3C00C46EC3 /* View+readSize.swift */ = {isa = PBXFileReference; fileEncoding = 4; lastKnownFileType = sourcecode.swift; path = "View+readSize.swift"; sourceTree = "<group>"; };
		136CC85C2BB5CB4400C46EC3 /* ScaleButtonStyle.swift */ = {isa = PBXFileReference; fileEncoding = 4; lastKnownFileType = sourcecode.swift; path = ScaleButtonStyle.swift; sourceTree = "<group>"; };
		136CC85F2BB5CB7A00C46EC3 /* Font+Extensions.swift */ = {isa = PBXFileReference; fileEncoding = 4; lastKnownFileType = sourcecode.swift; path = "Font+Extensions.swift"; sourceTree = "<group>"; };
		136CC8622BB5CFBB00C46EC3 /* Info.plist */ = {isa = PBXFileReference; lastKnownFileType = text.plist.xml; path = Info.plist; sourceTree = "<group>"; };
		13819DF32C21A5D5008D04E5 /* AppDelegate.swift */ = {isa = PBXFileReference; fileEncoding = 4; lastKnownFileType = sourcecode.swift; path = AppDelegate.swift; sourceTree = "<group>"; };
		13819DF52C21A602008D04E5 /* LaunchView.swift */ = {isa = PBXFileReference; fileEncoding = 4; lastKnownFileType = sourcecode.swift; path = LaunchView.swift; sourceTree = "<group>"; };
		13819DF82C21A748008D04E5 /* AnyTransition+Extension.swift */ = {isa = PBXFileReference; fileEncoding = 4; lastKnownFileType = sourcecode.swift; path = "AnyTransition+Extension.swift"; sourceTree = "<group>"; };
		13819E012C21DBE7008D04E5 /* RepeatType.swift */ = {isa = PBXFileReference; lastKnownFileType = sourcecode.swift; path = RepeatType.swift; sourceTree = "<group>"; };
		13819E032C21DBF2008D04E5 /* ReminderType.swift */ = {isa = PBXFileReference; lastKnownFileType = sourcecode.swift; path = ReminderType.swift; sourceTree = "<group>"; };
		13819E052C21DC0B008D04E5 /* Event.swift */ = {isa = PBXFileReference; lastKnownFileType = sourcecode.swift; path = Event.swift; sourceTree = "<group>"; };
		13819E0C2C21DD3E008D04E5 /* EntityInteractable.swift */ = {isa = PBXFileReference; fileEncoding = 4; lastKnownFileType = sourcecode.swift; path = EntityInteractable.swift; sourceTree = "<group>"; };
		13819E0D2C21DD3E008D04E5 /* CoreDataManager.swift */ = {isa = PBXFileReference; fileEncoding = 4; lastKnownFileType = sourcecode.swift; path = CoreDataManager.swift; sourceTree = "<group>"; };
		13819E0E2C21DD3E008D04E5 /* DatabaseManager.swift */ = {isa = PBXFileReference; fileEncoding = 4; lastKnownFileType = sourcecode.swift; path = DatabaseManager.swift; sourceTree = "<group>"; };
		13819E0F2C21DD3E008D04E5 /* DefaultDatabaseManager.swift */ = {isa = PBXFileReference; fileEncoding = 4; lastKnownFileType = sourcecode.swift; path = DefaultDatabaseManager.swift; sourceTree = "<group>"; };
		13819E142C21DDD1008D04E5 /* Logger+Extensions.swift */ = {isa = PBXFileReference; fileEncoding = 4; lastKnownFileType = sourcecode.swift; path = "Logger+Extensions.swift"; sourceTree = "<group>"; };
		13819E162C21DDE0008D04E5 /* CrashManager.swift */ = {isa = PBXFileReference; fileEncoding = 4; lastKnownFileType = sourcecode.swift; path = CrashManager.swift; sourceTree = "<group>"; };
		13819E1E2C21E659008D04E5 /* Event+EntityInteractable.swift */ = {isa = PBXFileReference; lastKnownFileType = sourcecode.swift; path = "Event+EntityInteractable.swift"; sourceTree = "<group>"; };
		418BA4492D0880C400E6DBDA /* HelixPay.xcdatamodel */ = {isa = PBXFileReference; lastKnownFileType = wrapper.xcdatamodel; path = HelixPay.xcdatamodel; sourceTree = "<group>"; };
		418BA44B2D08831400E6DBDA /* HomeHeader.swift */ = {isa = PBXFileReference; lastKnownFileType = sourcecode.swift; path = HomeHeader.swift; sourceTree = "<group>"; };
		41E8AC442D087A9000187F8C /* HelixPayApp.swift */ = {isa = PBXFileReference; lastKnownFileType = sourcecode.swift; path = HelixPayApp.swift; sourceTree = "<group>"; };
		41F4E1922D0950960015969A /* OnBoardingView.swift */ = {isa = PBXFileReference; lastKnownFileType = sourcecode.swift; path = OnBoardingView.swift; sourceTree = "<group>"; };
/* End PBXFileReference section */

/* Begin PBXFrameworksBuildPhase section */
		136CC80B2BB5C4E600C46EC3 /* Frameworks */ = {
			isa = PBXFrameworksBuildPhase;
			buildActionMask = 2147483647;
			files = (
				13819E1A2C21E27E008D04E5 /* FirebaseAnalytics in Frameworks */,
				13819E1C2C21E27E008D04E5 /* FirebaseCrashlytics in Frameworks */,
			);
			runOnlyForDeploymentPostprocessing = 0;
		};
/* End PBXFrameworksBuildPhase section */

/* Begin PBXGroup section */
		134595862BB72DFD004E3EF3 /* AppCoordinator */ = {
			isa = PBXGroup;
			children = (
				134595872BB72E14004E3EF3 /* Route.swift */,
				134595892BB72E39004E3EF3 /* AppCoordinator.swift */,
			);
			path = AppCoordinator;
			sourceTree = "<group>";
		};
		1345958B2BB73588004E3EF3 /* Home */ = {
			isa = PBXGroup;
			children = (
				418BA44B2D08831400E6DBDA /* HomeHeader.swift */,
				1345958E2BB735D8004E3EF3 /* HomeView.swift */,
			);
			path = Home;
			sourceTree = "<group>";
		};
		1345958C2BB7358C004E3EF3 /* Settings */ = {
			isa = PBXGroup;
			children = (
				134595922BB73600004E3EF3 /* SettingsView.swift */,
			);
			path = Settings;
			sourceTree = "<group>";
		};
		1345958D2BB7358F004E3EF3 /* UpsertEvent */ = {
			isa = PBXGroup;
			children = (
				134595902BB735E3004E3EF3 /* UpsertEventView.swift */,
				134595962BB73E0E004E3EF3 /* UpsertEventViewModel.swift */,
			);
			path = UpsertEvent;
			sourceTree = "<group>";
		};
		136CC8052BB5C4E600C46EC3 = {
			isa = PBXGroup;
			children = (
				136CC8102BB5C4E600C46EC3 /* HelixPay */,
				136CC80F2BB5C4E600C46EC3 /* Products */,
			);
			sourceTree = "<group>";
		};
		136CC80F2BB5C4E600C46EC3 /* Products */ = {
			isa = PBXGroup;
			children = (
				136CC80E2BB5C4E600C46EC3 /* HelixPay.app */,
			);
			name = Products;
			sourceTree = "<group>";
		};
		136CC8102BB5C4E600C46EC3 /* HelixPay */ = {
			isa = PBXGroup;
			children = (
				136CC8212BB5C5DB00C46EC3 /* App */,
				136CC8222BB5C62D00C46EC3 /* Features */,
				13819E072C21DD00008D04E5 /* Storage */,
				13819E002C21DBD6008D04E5 /* Models */,
				136CC8552BB5CB0000C46EC3 /* Utilities */,
				136CC8262BB5C6D200C46EC3 /* Resources */,
			);
			path = HelixPay;
			sourceTree = "<group>";
		};
		136CC8192BB5C4E800C46EC3 /* Preview Content */ = {
			isa = PBXGroup;
			children = (
				136CC81A2BB5C4E800C46EC3 /* Preview Assets.xcassets */,
			);
			path = "Preview Content";
			sourceTree = "<group>";
		};
		136CC8212BB5C5DB00C46EC3 /* App */ = {
			isa = PBXGroup;
			children = (
				41E8AC442D087A9000187F8C /* HelixPayApp.swift */,
				13819DF32C21A5D5008D04E5 /* AppDelegate.swift */,
			);
			path = App;
			sourceTree = "<group>";
		};
		136CC8222BB5C62D00C46EC3 /* Features */ = {
			isa = PBXGroup;
			children = (
				41F4E1912D0950880015969A /* OnBoarding */,
				134595862BB72DFD004E3EF3 /* AppCoordinator */,
				13819DF62C21A602008D04E5 /* Launch */,
				136CC8232BB5C65300C46EC3 /* Main */,
				1345958B2BB73588004E3EF3 /* Home */,
				1345958D2BB7358F004E3EF3 /* UpsertEvent */,
				1345958C2BB7358C004E3EF3 /* Settings */,
			);
			path = Features;
			sourceTree = "<group>";
		};
		136CC8232BB5C65300C46EC3 /* Main */ = {
			isa = PBXGroup;
			children = (
				136CC8242BB5C66200C46EC3 /* MainView.swift */,
				134595842BB72CB1004E3EF3 /* CustomTabBar.swift */,
				134595822BB72753004E3EF3 /* TabKind.swift */,
			);
			path = Main;
			sourceTree = "<group>";
		};
		136CC8262BB5C6D200C46EC3 /* Resources */ = {
			isa = PBXGroup;
			children = (
				136CC84C2BB5C76F00C46EC3 /* Assets */,
				136CC83B2BB5C75C00C46EC3 /* Localizations */,
				136CC8632BB5D05200C46EC3 /* Infos */,
				136CC82B2BB5C6E600C46EC3 /* Fonts */,
				136CC8402BB5C75D00C46EC3 /* Generated */,
				136CC8362BB5C75C00C46EC3 /* SwiftGen */,
			);
			path = Resources;
			sourceTree = "<group>";
		};
		136CC82B2BB5C6E600C46EC3 /* Fonts */ = {
			isa = PBXGroup;
			children = (
				134595B02BBBFC8F004E3EF3 /* AeonikPro-Bold.otf */,
				134595B22BBBFC94004E3EF3 /* AeonikPro-Medium.otf */,
				134595B42BBBFC9D004E3EF3 /* AeonikPro-Regular.otf */,
			);
			path = Fonts;
			sourceTree = "<group>";
		};
		136CC8322BB5C75C00C46EC3 /* bin */ = {
			isa = PBXGroup;
			children = (
				136CC8302BB5C75C00C46EC3 /* swiftgen */,
			);
			path = bin;
			sourceTree = "<group>";
		};
		136CC8362BB5C75C00C46EC3 /* SwiftGen */ = {
			isa = PBXGroup;
			children = (
				136CC8322BB5C75C00C46EC3 /* bin */,
			);
			path = SwiftGen;
			sourceTree = "<group>";
		};
		136CC83B2BB5C75C00C46EC3 /* Localizations */ = {
			isa = PBXGroup;
			children = (
				136CC8382BB5C75C00C46EC3 /* Localizable.strings */,
			);
			path = Localizations;
			sourceTree = "<group>";
		};
		136CC8402BB5C75D00C46EC3 /* Generated */ = {
			isa = PBXGroup;
			children = (
				136CC83D2BB5C75D00C46EC3 /* Fonts.swift */,
				136CC83F2BB5C75D00C46EC3 /* Strings.swift */,
			);
			path = Generated;
			sourceTree = "<group>";
		};
		136CC84C2BB5C76F00C46EC3 /* Assets */ = {
			isa = PBXGroup;
			children = (
				136CC8172BB5C4E800C46EC3 /* Images.xcassets */,
				136CC84D2BB5C78000C46EC3 /* Colors.xcassets */,
				136CC8192BB5C4E800C46EC3 /* Preview Content */,
			);
			path = Assets;
			sourceTree = "<group>";
		};
		136CC8552BB5CB0000C46EC3 /* Utilities */ = {
			isa = PBXGroup;
			children = (
				136CC8562BB5CB0D00C46EC3 /* Extensions */,
				13819DF82C21A748008D04E5 /* AnyTransition+Extension.swift */,
			);
			path = Utilities;
			sourceTree = "<group>";
		};
		136CC8562BB5CB0D00C46EC3 /* Extensions */ = {
			isa = PBXGroup;
			children = (
				136CC85D2BB5CB4400C46EC3 /* ButtonStyles */,
				136CC8572BB5CB1100C46EC3 /* Views */,
				136CC8602BB5CB7A00C46EC3 /* Font */,
				13819E142C21DDD1008D04E5 /* Logger+Extensions.swift */,
				13819E162C21DDE0008D04E5 /* CrashManager.swift */,
			);
			path = Extensions;
			sourceTree = "<group>";
		};
		136CC8572BB5CB1100C46EC3 /* Views */ = {
			isa = PBXGroup;
			children = (
				136CC8582BB5CB3C00C46EC3 /* View+readSafeArea.swift */,
				136CC8592BB5CB3C00C46EC3 /* View+readSize.swift */,
			);
			path = Views;
			sourceTree = "<group>";
		};
		136CC85D2BB5CB4400C46EC3 /* ButtonStyles */ = {
			isa = PBXGroup;
			children = (
				136CC85C2BB5CB4400C46EC3 /* ScaleButtonStyle.swift */,
			);
			path = ButtonStyles;
			sourceTree = "<group>";
		};
		136CC8602BB5CB7A00C46EC3 /* Font */ = {
			isa = PBXGroup;
			children = (
				136CC85F2BB5CB7A00C46EC3 /* Font+Extensions.swift */,
			);
			path = Font;
			sourceTree = "<group>";
		};
		136CC8632BB5D05200C46EC3 /* Infos */ = {
			isa = PBXGroup;
			children = (
				136CC8622BB5CFBB00C46EC3 /* Info.plist */,
			);
			path = Infos;
			sourceTree = "<group>";
		};
		13819DF62C21A602008D04E5 /* Launch */ = {
			isa = PBXGroup;
			children = (
				13819DF52C21A602008D04E5 /* LaunchView.swift */,
			);
			path = Launch;
			sourceTree = "<group>";
		};
		13819E002C21DBD6008D04E5 /* Models */ = {
			isa = PBXGroup;
			children = (
				13819E012C21DBE7008D04E5 /* RepeatType.swift */,
				13819E032C21DBF2008D04E5 /* ReminderType.swift */,
				13819E052C21DC0B008D04E5 /* Event.swift */,
			);
			path = Models;
			sourceTree = "<group>";
		};
		13819E072C21DD00008D04E5 /* Storage */ = {
			isa = PBXGroup;
			children = (
				13819E082C21DD0A008D04E5 /* CoreData */,
			);
			path = Storage;
			sourceTree = "<group>";
		};
		13819E082C21DD0A008D04E5 /* CoreData */ = {
			isa = PBXGroup;
			children = (
				418BA4482D0880C400E6DBDA /* HelixPay.xcdatamodeld */,
				13819E1D2C21E64D008D04E5 /* Models */,
				13819E0D2C21DD3E008D04E5 /* CoreDataManager.swift */,
				13819E0E2C21DD3E008D04E5 /* DatabaseManager.swift */,
				13819E0F2C21DD3E008D04E5 /* DefaultDatabaseManager.swift */,
				13819E0C2C21DD3E008D04E5 /* EntityInteractable.swift */,
			);
			path = CoreData;
			sourceTree = "<group>";
		};
		13819E1D2C21E64D008D04E5 /* Models */ = {
			isa = PBXGroup;
			children = (
				13819E1E2C21E659008D04E5 /* Event+EntityInteractable.swift */,
			);
			path = Models;
			sourceTree = "<group>";
		};
		41F4E1912D0950880015969A /* OnBoarding */ = {
			isa = PBXGroup;
			children = (
				41F4E1922D0950960015969A /* OnBoardingView.swift */,
			);
			path = OnBoarding;
			sourceTree = "<group>";
		};
/* End PBXGroup section */

/* Begin PBXNativeTarget section */
		136CC80D2BB5C4E600C46EC3 /* HelixPay */ = {
			isa = PBXNativeTarget;
			buildConfigurationList = 136CC81E2BB5C4E800C46EC3 /* Build configuration list for PBXNativeTarget "HelixPay" */;
			buildPhases = (
				136CC8542BB5CA3300C46EC3 /* SwiftGen */,
				136CC80A2BB5C4E600C46EC3 /* Sources */,
				136CC80B2BB5C4E600C46EC3 /* Frameworks */,
				136CC80C2BB5C4E600C46EC3 /* Resources */,
			);
			buildRules = (
			);
			dependencies = (
				136CC8532BB5C7E500C46EC3 /* PBXTargetDependency */,
			);
			name = HelixPay;
			packageProductDependencies = (
				13819E192C21E27E008D04E5 /* FirebaseAnalytics */,
				13819E1B2C21E27E008D04E5 /* FirebaseCrashlytics */,
			);
			productName = HelixPay;
			productReference = 136CC80E2BB5C4E600C46EC3 /* HelixPay.app */;
			productType = "com.apple.product-type.application";
		};
/* End PBXNativeTarget section */

/* Begin PBXProject section */
		136CC8062BB5C4E600C46EC3 /* Project object */ = {
			isa = PBXProject;
			attributes = {
				BuildIndependentTargetsInParallel = 1;
				LastSwiftUpdateCheck = 1530;
				LastUpgradeCheck = 1530;
				TargetAttributes = {
					136CC80D2BB5C4E600C46EC3 = {
						CreatedOnToolsVersion = 15.3;
					};
				};
			};
			buildConfigurationList = 136CC8092BB5C4E600C46EC3 /* Build configuration list for PBXProject "HelixPay" */;
			compatibilityVersion = "Xcode 14.0";
			developmentRegion = en;
			hasScannedForEncodings = 0;
			knownRegions = (
				en,
				Base,
			);
			mainGroup = 136CC8052BB5C4E600C46EC3;
			packageReferences = (
				136CC84F2BB5C7D900C46EC3 /* XCRemoteSwiftPackageReference "SwiftLint" */,
				13819E182C21E27E008D04E5 /* XCRemoteSwiftPackageReference "firebase-ios-sdk" */,
			);
			productRefGroup = 136CC80F2BB5C4E600C46EC3 /* Products */;
			projectDirPath = "";
			projectRoot = "";
			targets = (
				136CC80D2BB5C4E600C46EC3 /* HelixPay */,
			);
		};
/* End PBXProject section */

/* Begin PBXResourcesBuildPhase section */
		136CC80C2BB5C4E600C46EC3 /* Resources */ = {
			isa = PBXResourcesBuildPhase;
			buildActionMask = 2147483647;
			files = (
				136CC8462BB5C75D00C46EC3 /* Localizable.strings in Resources */,
				134595B52BBBFC9D004E3EF3 /* AeonikPro-Regular.otf in Resources */,
				134595B12BBBFC8F004E3EF3 /* AeonikPro-Bold.otf in Resources */,
				136CC81B2BB5C4E800C46EC3 /* Preview Assets.xcassets in Resources */,
				136CC8182BB5C4E800C46EC3 /* Images.xcassets in Resources */,
				136CC84E2BB5C78000C46EC3 /* Colors.xcassets in Resources */,
				134595B32BBBFC94004E3EF3 /* AeonikPro-Medium.otf in Resources */,
			);
			runOnlyForDeploymentPostprocessing = 0;
		};
/* End PBXResourcesBuildPhase section */

/* Begin PBXShellScriptBuildPhase section */
		136CC8542BB5CA3300C46EC3 /* SwiftGen */ = {
			isa = PBXShellScriptBuildPhase;
			buildActionMask = 8;
			files = (
			);
			inputFileListPaths = (
			);
			inputPaths = (
			);
			name = SwiftGen;
			outputFileListPaths = (
			);
			outputPaths = (
			);
			runOnlyForDeploymentPostprocessing = 1;
			shellPath = /bin/sh;
			shellScript = "if [[ -f \"${PROJECT_DIR}/HelixPay/Resources/SwiftGen/bin/swiftgen\" ]]; then\n  \"${PROJECT_DIR}/HelixPay/Resources/SwiftGen/bin/swiftgen\"\nelse\n  echo \"warning: SwiftGen not installed, download from https://github.com/SwiftGen/SwiftGen\"\nfi\n";
		};
/* End PBXShellScriptBuildPhase section */

/* Begin PBXSourcesBuildPhase section */
		136CC80A2BB5C4E600C46EC3 /* Sources */ = {
			isa = PBXSourcesBuildPhase;
			buildActionMask = 2147483647;
			files = (
				134595932BB73600004E3EF3 /* SettingsView.swift in Sources */,
				1345958A2BB72E39004E3EF3 /* AppCoordinator.swift in Sources */,
				13819E122C21DD3E008D04E5 /* DatabaseManager.swift in Sources */,
				136CC85E2BB5CB4400C46EC3 /* ScaleButtonStyle.swift in Sources */,
				1345958F2BB735D8004E3EF3 /* HomeView.swift in Sources */,
				41E8AC452D087A9000187F8C /* HelixPayApp.swift in Sources */,
				136CC8492BB5C75D00C46EC3 /* Fonts.swift in Sources */,
				418BA44C2D08831400E6DBDA /* HomeHeader.swift in Sources */,
				134595882BB72E14004E3EF3 /* Route.swift in Sources */,
				134595972BB73E0E004E3EF3 /* UpsertEventViewModel.swift in Sources */,
				13819DF72C21A602008D04E5 /* LaunchView.swift in Sources */,
				13819E042C21DBF2008D04E5 /* ReminderType.swift in Sources */,
				418BA44A2D0880C400E6DBDA /* HelixPay.xcdatamodeld in Sources */,
				41F4E1932D09509A0015969A /* OnBoardingView.swift in Sources */,
				136CC8612BB5CB7A00C46EC3 /* Font+Extensions.swift in Sources */,
				134595912BB735E3004E3EF3 /* UpsertEventView.swift in Sources */,
				13819E022C21DBE7008D04E5 /* RepeatType.swift in Sources */,
				13819E062C21DC0B008D04E5 /* Event.swift in Sources */,
				134595832BB72753004E3EF3 /* TabKind.swift in Sources */,
				13819E1F2C21E659008D04E5 /* Event+EntityInteractable.swift in Sources */,
				13819E132C21DD3E008D04E5 /* DefaultDatabaseManager.swift in Sources */,
				13819E102C21DD3E008D04E5 /* EntityInteractable.swift in Sources */,
				136CC85A2BB5CB3C00C46EC3 /* View+readSafeArea.swift in Sources */,
				13819E112C21DD3E008D04E5 /* CoreDataManager.swift in Sources */,
				13819E152C21DDD1008D04E5 /* Logger+Extensions.swift in Sources */,
				134595852BB72CB1004E3EF3 /* CustomTabBar.swift in Sources */,
				13819E172C21DDE0008D04E5 /* CrashManager.swift in Sources */,
				136CC85B2BB5CB3C00C46EC3 /* View+readSize.swift in Sources */,
				136CC84B2BB5C75D00C46EC3 /* Strings.swift in Sources */,
				13819DF42C21A5D5008D04E5 /* AppDelegate.swift in Sources */,
				13819DF92C21A748008D04E5 /* AnyTransition+Extension.swift in Sources */,
				136CC8252BB5C66200C46EC3 /* MainView.swift in Sources */,
			);
			runOnlyForDeploymentPostprocessing = 0;
		};
/* End PBXSourcesBuildPhase section */

/* Begin PBXTargetDependency section */
		136CC8532BB5C7E500C46EC3 /* PBXTargetDependency */ = {
			isa = PBXTargetDependency;
			productRef = 136CC8522BB5C7E500C46EC3 /* SwiftLintPlugin */;
		};
/* End PBXTargetDependency section */

/* Begin PBXVariantGroup section */
		136CC8382BB5C75C00C46EC3 /* Localizable.strings */ = {
			isa = PBXVariantGroup;
			children = (
				136CC8372BB5C75C00C46EC3 /* en */,
			);
			name = Localizable.strings;
			sourceTree = "<group>";
		};
/* End PBXVariantGroup section */

/* Begin XCBuildConfiguration section */
		136CC81C2BB5C4E800C46EC3 /* Debug */ = {
			isa = XCBuildConfiguration;
			buildSettings = {
				ALWAYS_SEARCH_USER_PATHS = NO;
				ASSETCATALOG_COMPILER_GENERATE_SWIFT_ASSET_SYMBOL_EXTENSIONS = YES;
				CLANG_ANALYZER_NONNULL = YES;
				CLANG_ANALYZER_NUMBER_OBJECT_CONVERSION = YES_AGGRESSIVE;
				CLANG_CXX_LANGUAGE_STANDARD = "gnu++20";
				CLANG_ENABLE_MODULES = YES;
				CLANG_ENABLE_OBJC_ARC = YES;
				CLANG_ENABLE_OBJC_WEAK = YES;
				CLANG_WARN_BLOCK_CAPTURE_AUTORELEASING = YES;
				CLANG_WARN_BOOL_CONVERSION = YES;
				CLANG_WARN_COMMA = YES;
				CLANG_WARN_CONSTANT_CONVERSION = YES;
				CLANG_WARN_DEPRECATED_OBJC_IMPLEMENTATIONS = YES;
				CLANG_WARN_DIRECT_OBJC_ISA_USAGE = YES_ERROR;
				CLANG_WARN_DOCUMENTATION_COMMENTS = YES;
				CLANG_WARN_EMPTY_BODY = YES;
				CLANG_WARN_ENUM_CONVERSION = YES;
				CLANG_WARN_INFINITE_RECURSION = YES;
				CLANG_WARN_INT_CONVERSION = YES;
				CLANG_WARN_NON_LITERAL_NULL_CONVERSION = YES;
				CLANG_WARN_OBJC_IMPLICIT_RETAIN_SELF = YES;
				CLANG_WARN_OBJC_LITERAL_CONVERSION = YES;
				CLANG_WARN_OBJC_ROOT_CLASS = YES_ERROR;
				CLANG_WARN_QUOTED_INCLUDE_IN_FRAMEWORK_HEADER = YES;
				CLANG_WARN_RANGE_LOOP_ANALYSIS = YES;
				CLANG_WARN_STRICT_PROTOTYPES = YES;
				CLANG_WARN_SUSPICIOUS_MOVE = YES;
				CLANG_WARN_UNGUARDED_AVAILABILITY = YES_AGGRESSIVE;
				CLANG_WARN_UNREACHABLE_CODE = YES;
				CLANG_WARN__DUPLICATE_METHOD_MATCH = YES;
				COPY_PHASE_STRIP = NO;
				DEBUG_INFORMATION_FORMAT = dwarf;
				ENABLE_STRICT_OBJC_MSGSEND = YES;
				ENABLE_TESTABILITY = YES;
				ENABLE_USER_SCRIPT_SANDBOXING = YES;
				GCC_C_LANGUAGE_STANDARD = gnu17;
				GCC_DYNAMIC_NO_PIC = NO;
				GCC_NO_COMMON_BLOCKS = YES;
				GCC_OPTIMIZATION_LEVEL = 0;
				GCC_PREPROCESSOR_DEFINITIONS = (
					"DEBUG=1",
					"$(inherited)",
				);
				GCC_WARN_64_TO_32_BIT_CONVERSION = YES;
				GCC_WARN_ABOUT_RETURN_TYPE = YES_ERROR;
				GCC_WARN_UNDECLARED_SELECTOR = YES;
				GCC_WARN_UNINITIALIZED_AUTOS = YES_AGGRESSIVE;
				GCC_WARN_UNUSED_FUNCTION = YES;
				GCC_WARN_UNUSED_VARIABLE = YES;
				IPHONEOS_DEPLOYMENT_TARGET = 17.4;
				LOCALIZATION_PREFERS_STRING_CATALOGS = YES;
				MTL_ENABLE_DEBUG_INFO = INCLUDE_SOURCE;
				MTL_FAST_MATH = YES;
				ONLY_ACTIVE_ARCH = YES;
				SDKROOT = iphoneos;
				SWIFT_ACTIVE_COMPILATION_CONDITIONS = "DEBUG $(inherited)";
				SWIFT_OPTIMIZATION_LEVEL = "-Onone";
			};
			name = Debug;
		};
		136CC81D2BB5C4E800C46EC3 /* Release */ = {
			isa = XCBuildConfiguration;
			buildSettings = {
				ALWAYS_SEARCH_USER_PATHS = NO;
				ASSETCATALOG_COMPILER_GENERATE_SWIFT_ASSET_SYMBOL_EXTENSIONS = YES;
				CLANG_ANALYZER_NONNULL = YES;
				CLANG_ANALYZER_NUMBER_OBJECT_CONVERSION = YES_AGGRESSIVE;
				CLANG_CXX_LANGUAGE_STANDARD = "gnu++20";
				CLANG_ENABLE_MODULES = YES;
				CLANG_ENABLE_OBJC_ARC = YES;
				CLANG_ENABLE_OBJC_WEAK = YES;
				CLANG_WARN_BLOCK_CAPTURE_AUTORELEASING = YES;
				CLANG_WARN_BOOL_CONVERSION = YES;
				CLANG_WARN_COMMA = YES;
				CLANG_WARN_CONSTANT_CONVERSION = YES;
				CLANG_WARN_DEPRECATED_OBJC_IMPLEMENTATIONS = YES;
				CLANG_WARN_DIRECT_OBJC_ISA_USAGE = YES_ERROR;
				CLANG_WARN_DOCUMENTATION_COMMENTS = YES;
				CLANG_WARN_EMPTY_BODY = YES;
				CLANG_WARN_ENUM_CONVERSION = YES;
				CLANG_WARN_INFINITE_RECURSION = YES;
				CLANG_WARN_INT_CONVERSION = YES;
				CLANG_WARN_NON_LITERAL_NULL_CONVERSION = YES;
				CLANG_WARN_OBJC_IMPLICIT_RETAIN_SELF = YES;
				CLANG_WARN_OBJC_LITERAL_CONVERSION = YES;
				CLANG_WARN_OBJC_ROOT_CLASS = YES_ERROR;
				CLANG_WARN_QUOTED_INCLUDE_IN_FRAMEWORK_HEADER = YES;
				CLANG_WARN_RANGE_LOOP_ANALYSIS = YES;
				CLANG_WARN_STRICT_PROTOTYPES = YES;
				CLANG_WARN_SUSPICIOUS_MOVE = YES;
				CLANG_WARN_UNGUARDED_AVAILABILITY = YES_AGGRESSIVE;
				CLANG_WARN_UNREACHABLE_CODE = YES;
				CLANG_WARN__DUPLICATE_METHOD_MATCH = YES;
				COPY_PHASE_STRIP = NO;
				DEBUG_INFORMATION_FORMAT = "dwarf-with-dsym";
				ENABLE_NS_ASSERTIONS = NO;
				ENABLE_STRICT_OBJC_MSGSEND = YES;
				ENABLE_USER_SCRIPT_SANDBOXING = YES;
				GCC_C_LANGUAGE_STANDARD = gnu17;
				GCC_NO_COMMON_BLOCKS = YES;
				GCC_WARN_64_TO_32_BIT_CONVERSION = YES;
				GCC_WARN_ABOUT_RETURN_TYPE = YES_ERROR;
				GCC_WARN_UNDECLARED_SELECTOR = YES;
				GCC_WARN_UNINITIALIZED_AUTOS = YES_AGGRESSIVE;
				GCC_WARN_UNUSED_FUNCTION = YES;
				GCC_WARN_UNUSED_VARIABLE = YES;
				IPHONEOS_DEPLOYMENT_TARGET = 17.4;
				LOCALIZATION_PREFERS_STRING_CATALOGS = YES;
				MTL_ENABLE_DEBUG_INFO = NO;
				MTL_FAST_MATH = YES;
				SDKROOT = iphoneos;
				SWIFT_COMPILATION_MODE = wholemodule;
				VALIDATE_PRODUCT = YES;
			};
			name = Release;
		};
		136CC81F2BB5C4E800C46EC3 /* Debug */ = {
			isa = XCBuildConfiguration;
			buildSettings = {
				ASSETCATALOG_COMPILER_APPICON_NAME = AppIcon;
				ASSETCATALOG_COMPILER_GLOBAL_ACCENT_COLOR_NAME = AccentColor;
				CODE_SIGN_STYLE = Automatic;
				CURRENT_PROJECT_VERSION = 1;
				DEVELOPMENT_ASSET_PATHS = "\"HelixPay/Resources/Assets/Preview Content\"";
				DEVELOPMENT_TEAM = 5G68QGPGNX;
				ENABLE_PREVIEWS = YES;
				ENABLE_USER_SCRIPT_SANDBOXING = NO;
				GENERATE_INFOPLIST_FILE = YES;
				INFOPLIST_FILE = HelixPay/Resources/Infos/Info.plist;
				INFOPLIST_KEY_UIApplicationSceneManifest_Generation = YES;
				INFOPLIST_KEY_UIApplicationSupportsIndirectInputEvents = YES;
				INFOPLIST_KEY_UISupportedInterfaceOrientations = UIInterfaceOrientationPortrait;
				INFOPLIST_KEY_UISupportedInterfaceOrientations_iPad = "UIInterfaceOrientationLandscapeLeft UIInterfaceOrientationLandscapeRight UIInterfaceOrientationPortrait";
				IPHONEOS_DEPLOYMENT_TARGET = 16.0;
				LD_RUNPATH_SEARCH_PATHS = (
					"$(inherited)",
					"@executable_path/Frameworks",
				);
				MARKETING_VERSION = 0.0.0;
				PRODUCT_BUNDLE_IDENTIFIER = com.vexere.HelixPay;
				PRODUCT_NAME = "$(TARGET_NAME)";
				SUPPORTED_PLATFORMS = "iphoneos iphonesimulator";
				SUPPORTS_MACCATALYST = NO;
				SWIFT_EMIT_LOC_STRINGS = YES;
				SWIFT_VERSION = 5.0;
				TARGETED_DEVICE_FAMILY = 1;
			};
			name = Debug;
		};
		136CC8202BB5C4E800C46EC3 /* Release */ = {
			isa = XCBuildConfiguration;
			buildSettings = {
				ASSETCATALOG_COMPILER_APPICON_NAME = AppIcon;
				ASSETCATALOG_COMPILER_GLOBAL_ACCENT_COLOR_NAME = AccentColor;
				CODE_SIGN_STYLE = Automatic;
				CURRENT_PROJECT_VERSION = 1;
				DEVELOPMENT_ASSET_PATHS = "\"HelixPay/Resources/Assets/Preview Content\"";
				DEVELOPMENT_TEAM = 5G68QGPGNX;
				ENABLE_PREVIEWS = YES;
				ENABLE_USER_SCRIPT_SANDBOXING = NO;
				GENERATE_INFOPLIST_FILE = YES;
				INFOPLIST_FILE = HelixPay/Resources/Infos/Info.plist;
				INFOPLIST_KEY_UIApplicationSceneManifest_Generation = YES;
				INFOPLIST_KEY_UIApplicationSupportsIndirectInputEvents = YES;
				INFOPLIST_KEY_UISupportedInterfaceOrientations = UIInterfaceOrientationPortrait;
				INFOPLIST_KEY_UISupportedInterfaceOrientations_iPad = "UIInterfaceOrientationLandscapeLeft UIInterfaceOrientationLandscapeRight UIInterfaceOrientationPortrait";
				IPHONEOS_DEPLOYMENT_TARGET = 16.0;
				LD_RUNPATH_SEARCH_PATHS = (
					"$(inherited)",
					"@executable_path/Frameworks",
				);
				MARKETING_VERSION = 0.0.0;
				PRODUCT_BUNDLE_IDENTIFIER = com.vexere.HelixPay;
				PRODUCT_NAME = "$(TARGET_NAME)";
				SUPPORTED_PLATFORMS = "iphoneos iphonesimulator";
				SUPPORTS_MACCATALYST = NO;
				SWIFT_EMIT_LOC_STRINGS = YES;
				SWIFT_VERSION = 5.0;
				TARGETED_DEVICE_FAMILY = 1;
			};
			name = Release;
		};
/* End XCBuildConfiguration section */

/* Begin XCConfigurationList section */
		136CC8092BB5C4E600C46EC3 /* Build configuration list for PBXProject "HelixPay" */ = {
			isa = XCConfigurationList;
			buildConfigurations = (
				136CC81C2BB5C4E800C46EC3 /* Debug */,
				136CC81D2BB5C4E800C46EC3 /* Release */,
			);
			defaultConfigurationIsVisible = 0;
			defaultConfigurationName = Release;
		};
		136CC81E2BB5C4E800C46EC3 /* Build configuration list for PBXNativeTarget "HelixPay" */ = {
			isa = XCConfigurationList;
			buildConfigurations = (
				136CC81F2BB5C4E800C46EC3 /* Debug */,
				136CC8202BB5C4E800C46EC3 /* Release */,
			);
			defaultConfigurationIsVisible = 0;
			defaultConfigurationName = Release;
		};
/* End XCConfigurationList section */

/* Begin XCRemoteSwiftPackageReference section */
		136CC84F2BB5C7D900C46EC3 /* XCRemoteSwiftPackageReference "SwiftLint" */ = {
			isa = XCRemoteSwiftPackageReference;
			repositoryURL = "https://github.com/realm/SwiftLint";
			requirement = {
				kind = upToNextMajorVersion;
				minimumVersion = 0.54.0;
			};
		};
		13819E182C21E27E008D04E5 /* XCRemoteSwiftPackageReference "firebase-ios-sdk" */ = {
			isa = XCRemoteSwiftPackageReference;
			repositoryURL = "https://github.com/firebase/firebase-ios-sdk";
			requirement = {
				kind = upToNextMajorVersion;
				minimumVersion = 10.28.0;
			};
		};
/* End XCRemoteSwiftPackageReference section */

/* Begin XCSwiftPackageProductDependency section */
		136CC8522BB5C7E500C46EC3 /* SwiftLintPlugin */ = {
			isa = XCSwiftPackageProductDependency;
			package = 136CC84F2BB5C7D900C46EC3 /* XCRemoteSwiftPackageReference "SwiftLint" */;
			productName = "plugin:SwiftLintPlugin";
		};
		13819E192C21E27E008D04E5 /* FirebaseAnalytics */ = {
			isa = XCSwiftPackageProductDependency;
			package = 13819E182C21E27E008D04E5 /* XCRemoteSwiftPackageReference "firebase-ios-sdk" */;
			productName = FirebaseAnalytics;
		};
		13819E1B2C21E27E008D04E5 /* FirebaseCrashlytics */ = {
			isa = XCSwiftPackageProductDependency;
			package = 13819E182C21E27E008D04E5 /* XCRemoteSwiftPackageReference "firebase-ios-sdk" */;
			productName = FirebaseCrashlytics;
		};
/* End XCSwiftPackageProductDependency section */

/* Begin XCVersionGroup section */
		418BA4482D0880C400E6DBDA /* HelixPay.xcdatamodeld */ = {
			isa = XCVersionGroup;
			children = (
				418BA4492D0880C400E6DBDA /* HelixPay.xcdatamodel */,
			);
			currentVersion = 418BA4492D0880C400E6DBDA /* HelixPay.xcdatamodel */;
			path = HelixPay.xcdatamodeld;
			sourceTree = "<group>";
			versionGroupType = wrapper.xcdatamodel;
		};
/* End XCVersionGroup section */
	};
	rootObject = 136CC8062BB5C4E600C46EC3 /* Project object */;
}
